
Microsoft Visual Studio Solution File, Format Version 12.00
# Visual Studio 15
VisualStudioVersion = 15.0.27130.2036
MinimumVisualStudioVersion = 10.0.40219.1
Project("{FAE04EC0-301F-11D3-BF4B-00C04F79EFBC}") = "Aoto.PPS.Launcher", "Aoto.PPS.Launcher\Aoto.PPS.Launcher.csproj", "{5FE0DAD0-936D-4484-850C-7F3A7F527FFE}"
EndProject
Project("{FAE04EC0-301F-11D3-BF4B-00C04F79EFBC}") = "Aoto.PPS.Infrastructure", "Aoto.PPS.Infrastructure\Aoto.PPS.Infrastructure.csproj", "{DDBCD277-84EC-443D-8D27-58C52E864466}"
EndProject
Project("{FAE04EC0-301F-11D3-BF4B-00C04F79EFBC}") = "Aoto.CQMS.Core", "Aoto.CQMS.Core\Aoto.CQMS.Core.csproj", "{E9F830B1-F0E1-4E76-9B6C-1AAE5553FF2F}"
EndProject
Project("{FAE04EC0-301F-11D3-BF4B-00C04F79EFBC}") = "Aoto.CQMS.Common", "Aoto.CQMS.Common\Aoto.CQMS.Common.csproj", "{852C2653-AED7-40B8-B6D5-842F3DD44EBA}"
EndProject
Project("{FAE04EC0-301F-11D3-BF4B-00C04F79EFBC}") = "Aoto.PPS.Peripheral", "Aoto.PPS.Peripheral\Aoto.PPS.Peripheral.csproj", "{6190457F-1215-4E2E-A32F-24A4F9AAE8F2}"
EndProject
Project("{FAE04EC0-301F-11D3-BF4B-00C04F79EFBC}") = "Aoto.PPS.PeripheralTest", "Aoto.PPS.PeripheralTest\Aoto.PPS.PeripheralTest.csproj", "{FC4D1CAB-EE00-4204-8AD4-C862F3146016}"
EndProject
Global
	GlobalSection(SolutionConfigurationPlatforms) = preSolution
		Debug|Any CPU = Debug|Any CPU
		Debug|Mixed Platforms = Debug|Mixed Platforms
		Debug|x86 = Debug|x86
		Release|Any CPU = Release|Any CPU
		Release|Mixed Platforms = Release|Mixed Platforms
		Release|x86 = Release|x86
	EndGlobalSection
	GlobalSection(ProjectConfigurationPlatforms) = postSolution
		{5FE0DAD0-936D-4484-850C-7F3A7F527FFE}.Debug|Any CPU.ActiveCfg = Debug|x86
		{5FE0DAD0-936D-4484-850C-7F3A7F527FFE}.Debug|Any CPU.Build.0 = Debug|x86
		{5FE0DAD0-936D-4484-850C-7F3A7F527FFE}.Debug|Mixed Platforms.ActiveCfg = Debug|x86
		{5FE0DAD0-936D-4484-850C-7F3A7F527FFE}.Debug|Mixed Platforms.Build.0 = Debug|x86
		{5FE0DAD0-936D-4484-850C-7F3A7F527FFE}.Debug|x86.ActiveCfg = Debug|x86
		{5FE0DAD0-936D-4484-850C-7F3A7F527FFE}.Debug|x86.Build.0 = Debug|x86
		{5FE0DAD0-936D-4484-850C-7F3A7F527FFE}.Release|Any CPU.ActiveCfg = Release|Any CPU
		{5FE0DAD0-936D-4484-850C-7F3A7F527FFE}.Release|Any CPU.Build.0 = Release|Any CPU
		{5FE0DAD0-936D-4484-850C-7F3A7F527FFE}.Release|Mixed Platforms.ActiveCfg = Release|x86
		{5FE0DAD0-936D-4484-850C-7F3A7F527FFE}.Release|Mixed Platforms.Build.0 = Release|x86
		{5FE0DAD0-936D-4484-850C-7F3A7F527FFE}.Release|x86.ActiveCfg = Release|x86
		{5FE0DAD0-936D-4484-850C-7F3A7F527FFE}.Release|x86.Build.0 = Release|x86
		{DDBCD277-84EC-443D-8D27-58C52E864466}.Debug|Any CPU.ActiveCfg = Debug|Any CPU
		{DDBCD277-84EC-443D-8D27-58C52E864466}.Debug|Any CPU.Build.0 = Debug|Any CPU
		{DDBCD277-84EC-443D-8D27-58C52E864466}.Debug|Mixed Platforms.ActiveCfg = Debug|x86
		{DDBCD277-84EC-443D-8D27-58C52E864466}.Debug|Mixed Platforms.Build.0 = Debug|x86
		{DDBCD277-84EC-443D-8D27-58C52E864466}.Debug|x86.ActiveCfg = Debug|x86
		{DDBCD277-84EC-443D-8D27-58C52E864466}.Debug|x86.Build.0 = Debug|x86
		{DDBCD277-84EC-443D-8D27-58C52E864466}.Release|Any CPU.ActiveCfg = Release|Any CPU
		{DDBCD277-84EC-443D-8D27-58C52E864466}.Release|Any CPU.Build.0 = Release|Any CPU
		{DDBCD277-84EC-443D-8D27-58C52E864466}.Release|Mixed Platforms.ActiveCfg = Release|x86
		{DDBCD277-84EC-443D-8D27-58C52E864466}.Release|Mixed Platforms.Build.0 = Release|x86
		{DDBCD277-84EC-443D-8D27-58C52E864466}.Release|x86.ActiveCfg = Release|x86
		{DDBCD277-84EC-443D-8D27-58C52E864466}.Release|x86.Build.0 = Release|x86
		{E9F830B1-F0E1-4E76-9B6C-1AAE5553FF2F}.Debug|Any CPU.ActiveCfg = Debug|Any CPU
		{E9F830B1-F0E1-4E76-9B6C-1AAE5553FF2F}.Debug|Any CPU.Build.0 = Debug|Any CPU
		{E9F830B1-F0E1-4E76-9B6C-1AAE5553FF2F}.Debug|Mixed Platforms.ActiveCfg = Debug|Any CPU
		{E9F830B1-F0E1-4E76-9B6C-1AAE5553FF2F}.Debug|Mixed Platforms.Build.0 = Debug|Any CPU
		{E9F830B1-F0E1-4E76-9B6C-1AAE5553FF2F}.Debug|x86.ActiveCfg = Debug|Any CPU
		{E9F830B1-F0E1-4E76-9B6C-1AAE5553FF2F}.Release|Any CPU.ActiveCfg = Release|Any CPU
		{E9F830B1-F0E1-4E76-9B6C-1AAE5553FF2F}.Release|Any CPU.Build.0 = Release|Any CPU
		{E9F830B1-F0E1-4E76-9B6C-1AAE5553FF2F}.Release|Mixed Platforms.ActiveCfg = Release|Any CPU
		{E9F830B1-F0E1-4E76-9B6C-1AAE5553FF2F}.Release|Mixed Platforms.Build.0 = Release|Any CPU
		{E9F830B1-F0E1-4E76-9B6C-1AAE5553FF2F}.Release|x86.ActiveCfg = Release|Any CPU
		{E9F830B1-F0E1-4E76-9B6C-1AAE5553FF2F}.Release|x86.Build.0 = Release|Any CPU
		{852C2653-AED7-40B8-B6D5-842F3DD44EBA}.Debug|Any CPU.ActiveCfg = Debug|Any CPU
		{852C2653-AED7-40B8-B6D5-842F3DD44EBA}.Debug|Any CPU.Build.0 = Debug|Any CPU
		{852C2653-AED7-40B8-B6D5-842F3DD44EBA}.Debug|Mixed Platforms.ActiveCfg = Debug|Any CPU
		{852C2653-AED7-40B8-B6D5-842F3DD44EBA}.Debug|Mixed Platforms.Build.0 = Debug|Any CPU
		{852C2653-AED7-40B8-B6D5-842F3DD44EBA}.Debug|x86.ActiveCfg = Debug|Any CPU
		{852C2653-AED7-40B8-B6D5-842F3DD44EBA}.Debug|x86.Build.0 = Debug|Any CPU
		{852C2653-AED7-40B8-B6D5-842F3DD44EBA}.Release|Any CPU.ActiveCfg = Release|Any CPU
		{852C2653-AED7-40B8-B6D5-842F3DD44EBA}.Release|Any CPU.Build.0 = Release|Any CPU
		{852C2653-AED7-40B8-B6D5-842F3DD44EBA}.Release|Mixed Platforms.ActiveCfg = Release|Any CPU
		{852C2653-AED7-40B8-B6D5-842F3DD44EBA}.Release|Mixed Platforms.Build.0 = Release|Any CPU
		{852C2653-AED7-40B8-B6D5-842F3DD44EBA}.Release|x86.ActiveCfg = Release|Any CPU
		{852C2653-AED7-40B8-B6D5-842F3DD44EBA}.Release|x86.Build.0 = Release|Any CPU
		{6190457F-1215-4E2E-A32F-24A4F9AAE8F2}.Debug|Any CPU.ActiveCfg = Debug|Any CPU
		{6190457F-1215-4E2E-A32F-24A4F9AAE8F2}.Debug|Any CPU.Build.0 = Debug|Any CPU
		{6190457F-1215-4E2E-A32F-24A4F9AAE8F2}.Debug|Mixed Platforms.ActiveCfg = Debug|x86
		{6190457F-1215-4E2E-A32F-24A4F9AAE8F2}.Debug|Mixed Platforms.Build.0 = Debug|x86
		{6190457F-1215-4E2E-A32F-24A4F9AAE8F2}.Debug|x86.ActiveCfg = Debug|x86
		{6190457F-1215-4E2E-A32F-24A4F9AAE8F2}.Debug|x86.Build.0 = Debug|x86
		{6190457F-1215-4E2E-A32F-24A4F9AAE8F2}.Release|Any CPU.ActiveCfg = Release|Any CPU
		{6190457F-1215-4E2E-A32F-24A4F9AAE8F2}.Release|Any CPU.Build.0 = Release|Any CPU
		{6190457F-1215-4E2E-A32F-24A4F9AAE8F2}.Release|Mixed Platforms.ActiveCfg = Release|x86
		{6190457F-1215-4E2E-A32F-24A4F9AAE8F2}.Release|Mixed Platforms.Build.0 = Release|x86
		{6190457F-1215-4E2E-A32F-24A4F9AAE8F2}.Release|x86.ActiveCfg = Release|x86
		{6190457F-1215-4E2E-A32F-24A4F9AAE8F2}.Release|x86.Build.0 = Release|x86
		{FC4D1CAB-EE00-4204-8AD4-C862F3146016}.Debug|Any CPU.ActiveCfg = Debug|x86
		{FC4D1CAB-EE00-4204-8AD4-C862F3146016}.Debug|Mixed Platforms.ActiveCfg = Debug|x86
		{FC4D1CAB-EE00-4204-8AD4-C862F3146016}.Debug|Mixed Platforms.Build.0 = Debug|x86
		{FC4D1CAB-EE00-4204-8AD4-C862F3146016}.Debug|x86.ActiveCfg = Debug|x86
		{FC4D1CAB-EE00-4204-8AD4-C862F3146016}.Debug|x86.Build.0 = Debug|x86
		{FC4D1CAB-EE00-4204-8AD4-C862F3146016}.Release|Any CPU.ActiveCfg = Release|x86
		{FC4D1CAB-EE00-4204-8AD4-C862F3146016}.Release|Mixed Platforms.ActiveCfg = Release|x86
		{FC4D1CAB-EE00-4204-8AD4-C862F3146016}.Release|Mixed Platforms.Build.0 = Release|x86
		{FC4D1CAB-EE00-4204-8AD4-C862F3146016}.Release|x86.ActiveCfg = Release|x86
		{FC4D1CAB-EE00-4204-8AD4-C862F3146016}.Release|x86.Build.0 = Release|x86
	EndGlobalSection
	GlobalSection(SolutionProperties) = preSolution
		HideSolutionNode = FALSE
	EndGlobalSection
	GlobalSection(ExtensibilityGlobals) = postSolution
		SolutionGuid = {5F55F3E9-1855-4083-815E-C0DA57C6E70B}
	EndGlobalSection
EndGlobal
